{
  "name": "maps-ts",
  "version": "1.0.0",
  "lockfileVersion": 3,
  "requires": true,
  "packages": {
    "": {
      "name": "maps-ts",
      "version": "1.0.0",
      "license": "ISC",
      "dependencies": {
        "@types/google.maps": "^3.53.5"
      },
      "devDependencies": {
        "@faker-js/faker": "^8.0.2"
      }
    },
    "node_modules/@faker-js/faker": {
      "version": "8.0.2",
      "resolved": "https://registry.npmjs.org/@faker-js/faker/-/faker-8.0.2.tgz",
      "integrity": "sha512-Uo3pGspElQW91PCvKSIAXoEgAUlRnH29sX2/p89kg7sP1m2PzCufHINd0FhTXQf6DYGiUlVncdSPa2F9wxed2A==",
      "dev": true,
      "funding": [
        {
          "type": "opencollective",
          "url": "https://opencollective.com/fakerjs"
        }
      ],
      "engines": {
        "node": "^14.17.0 || ^16.13.0 || >=18.0.0",
        "npm": ">=6.14.13"
      }
    },
    "node_modules/@types/google.maps": {
      "version": "3.53.5",
      "resolved": "https://registry.npmjs.org/@types/google.maps/-/google.maps-3.53.5.tgz",
      "integrity": "sha512-HoRq4Te8J6krH7hj+TfdYepqegoKZCj3kkaK5gf+ySFSHLvyqYkDvkrtbcVJXQ6QBphQ0h1TF7p4J6sOh4r/zg=="
    }
  }
}
